
Microsoft Visual Studio Solution File, Format Version 12.00
# Visual Studio 15
VisualStudioVersion = 15.0.28307.329
MinimumVisualStudioVersion = 10.0.40219.1
Project("{9A19103F-16F7-4668-BE54-9A1E7A4F7556}") = "RPhil.Utils", ".\Rphil.Utils\RPhil.Utils.csproj", "{3A802ECA-5C54-493C-A807-FC1175DABBA4}"
EndProject
Project("{9A19103F-16F7-4668-BE54-9A1E7A4F7556}") = "Rphil.Utils.Tests", ".\Rphil.Utils.Tests\Rphil.Utils.Tests.csproj", "{A7EDF1DF-C48C-48F8-8146-F9F425947AF0}"
EndProject
Global
	GlobalSection(SolutionConfigurationPlatforms) = preSolution
		Debug|Any CPU = Debug|Any CPU
		Release|Any CPU = Release|Any CPU
	EndGlobalSection
	GlobalSection(ProjectConfigurationPlatforms) = postSolution
		{3A802ECA-5C54-493C-A807-FC1175DABBA4}.Debug|Any CPU.ActiveCfg = Debug|Any CPU
		{3A802ECA-5C54-493C-A807-FC1175DABBA4}.Debug|Any CPU.Build.0 = Debug|Any CPU
		{3A802ECA-5C54-493C-A807-FC1175DABBA4}.Release|Any CPU.ActiveCfg = Release|Any CPU
		{3A802ECA-5C54-493C-A807-FC1175DABBA4}.Release|Any CPU.Build.0 = Release|Any CPU
		{A7EDF1DF-C48C-48F8-8146-F9F425947AF0}.Debug|Any CPU.ActiveCfg = Debug|Any CPU
		{A7EDF1DF-C48C-48F8-8146-F9F425947AF0}.Debug|Any CPU.Build.0 = Debug|Any CPU
		{A7EDF1DF-C48C-48F8-8146-F9F425947AF0}.Release|Any CPU.ActiveCfg = Release|Any CPU
		{A7EDF1DF-C48C-48F8-8146-F9F425947AF0}.Release|Any CPU.Build.0 = Release|Any CPU
	EndGlobalSection
	GlobalSection(SolutionProperties) = preSolution
		HideSolutionNode = FALSE
	EndGlobalSection
	GlobalSection(ExtensibilityGlobals) = postSolution
		SolutionGuid = {EC7B01CE-865D-45CA-B46E-5B9558B9E2FF}
	EndGlobalSection
EndGlobal
